
Microsoft Visual Studio Solution File, Format Version 12.00
# Visual Studio Version 17
VisualStudioVersion = 17.3.32804.467
MinimumVisualStudioVersion = 10.0.40219.1
Project("{FAE04EC0-301F-11D3-BF4B-00C04F79EFBC}") = "Trabalho3_Sistemas_Supervisorios", "Trabalho3_Sistemas_Supervisorios\Trabalho3_Sistemas_Supervisorios.csproj", "{D8CF37EC-101A-46F2-92B1-80D6A878865C}"
EndProject
Global
	GlobalSection(SolutionConfigurationPlatforms) = preSolution
		Debug|Any CPU = Debug|Any CPU
		Release|Any CPU = Release|Any CPU
	EndGlobalSection
	GlobalSection(ProjectConfigurationPlatforms) = postSolution
		{D8CF37EC-101A-46F2-92B1-80D6A878865C}.Debug|Any CPU.ActiveCfg = Debug|Any CPU
		{D8CF37EC-101A-46F2-92B1-80D6A878865C}.Debug|Any CPU.Build.0 = Debug|Any CPU
		{D8CF37EC-101A-46F2-92B1-80D6A878865C}.Release|Any CPU.ActiveCfg = Release|Any CPU
		{D8CF37EC-101A-46F2-92B1-80D6A878865C}.Release|Any CPU.Build.0 = Release|Any CPU
	EndGlobalSection
	GlobalSection(SolutionProperties) = preSolution
		HideSolutionNode = FALSE
	EndGlobalSection
	GlobalSection(ExtensibilityGlobals) = postSolution
		SolutionGuid = {1D8C284C-2A83-4EA8-A481-EACC670DE019}
	EndGlobalSection
EndGlobal
